
Microsoft Visual Studio Solution File, Format Version 12.00
# Visual Studio Version 17
VisualStudioVersion = 17.4.33213.308
MinimumVisualStudioVersion = 10.0.40219.1
Project("{FAE04EC0-301F-11D3-BF4B-00C04F79EFBC}") = "ExamenEstructuraDatos", "ExamenEstructuraDatos.csproj", "{9D22AAE4-8617-4641-BFB7-0ACFD3BF764C}"
EndProject
Global
	GlobalSection(SolutionConfigurationPlatforms) = preSolution
		Debug|Any CPU = Debug|Any CPU
		Release|Any CPU = Release|Any CPU
	EndGlobalSection
	GlobalSection(ProjectConfigurationPlatforms) = postSolution
		{9D22AAE4-8617-4641-BFB7-0ACFD3BF764C}.Debug|Any CPU.ActiveCfg = Debug|Any CPU
		{9D22AAE4-8617-4641-BFB7-0ACFD3BF764C}.Debug|Any CPU.Build.0 = Debug|Any CPU
		{9D22AAE4-8617-4641-BFB7-0ACFD3BF764C}.Release|Any CPU.ActiveCfg = Release|Any CPU
		{9D22AAE4-8617-4641-BFB7-0ACFD3BF764C}.Release|Any CPU.Build.0 = Release|Any CPU
	EndGlobalSection
	GlobalSection(SolutionProperties) = preSolution
		HideSolutionNode = FALSE
	EndGlobalSection
	GlobalSection(ExtensibilityGlobals) = postSolution
		SolutionGuid = {912138AD-923C-4EE6-AC8D-3B723E03C927}
	EndGlobalSection
EndGlobal
